
Microsoft Visual Studio Solution File, Format Version 12.00
# Visual Studio 15
VisualStudioVersion = 15.0.28307.645
MinimumVisualStudioVersion = 10.0.40219.1
Project("{FAE04EC0-301F-11D3-BF4B-00C04F79EFBC}") = "ConsoleApp3", "ConsoleApp3\ConsoleApp3.csproj", "{2BDF9EFE-5AAD-4DA3-BF44-80D1AD0F4FD8}"
EndProject
Global
	GlobalSection(SolutionConfigurationPlatforms) = preSolution
		Debug|Any CPU = Debug|Any CPU
		Release|Any CPU = Release|Any CPU
	EndGlobalSection
	GlobalSection(ProjectConfigurationPlatforms) = postSolution
		{2BDF9EFE-5AAD-4DA3-BF44-80D1AD0F4FD8}.Debug|Any CPU.ActiveCfg = Debug|Any CPU
		{2BDF9EFE-5AAD-4DA3-BF44-80D1AD0F4FD8}.Debug|Any CPU.Build.0 = Debug|Any CPU
		{2BDF9EFE-5AAD-4DA3-BF44-80D1AD0F4FD8}.Release|Any CPU.ActiveCfg = Release|Any CPU
		{2BDF9EFE-5AAD-4DA3-BF44-80D1AD0F4FD8}.Release|Any CPU.Build.0 = Release|Any CPU
	EndGlobalSection
	GlobalSection(SolutionProperties) = preSolution
		HideSolutionNode = FALSE
	EndGlobalSection
	GlobalSection(ExtensibilityGlobals) = postSolution
		SolutionGuid = {8954C27A-1C9C-486A-83E5-EDCD89289EF9}
	EndGlobalSection
EndGlobal
